{
  "pins" : [
    {
      "identity" : "itunesfeedgenerator",
      "kind" : "remoteSourceControl",
      "location" : "https://github.com/alfianlosari/ITunesFeedGenerator",
      "state" : {
        "branch" : "main",
        "revision" : "cf55dc0eca850c32e0111899633b00cce488d224"
      }
    }
  ],
  "version" : 2
}
