{
  "pins" : [
    {
      "identity" : "itunesfeedgenerator",
      "kind" : "remoteSourceControl",
      "location" : "https://github.com/alfianlosari/ITunesFeedGenerator",
      "state" : {
        "branch" : "main",
        "revision" : "ab34df28c6dd1bd214d2130f2cb09c9a2aa34131"
      }
    }
  ],
  "version" : 2
}
